
Microsoft Visual Studio Solution File, Format Version 12.00
# Visual Studio 2013
VisualStudioVersion = 12.0.21005.1
MinimumVisualStudioVersion = 10.0.40219.1
Project("{E24C65DC-7377-472B-9ABA-BC803B73C61A}") = "店铺管理", "http://localhost:4472", "{0D7C5FFF-B3BC-49FC-85EA-144D454E6563}"
	ProjectSection(WebsiteProperties) = preProject
		UseIISExpress = "true"
		TargetFrameworkMoniker = ".NETFramework,Version%3Dv4.5"
		ProjectReferences = "{87efc397-98a4-4508-9a7d-ebb75ba2b749}|BLL.dll;{AB30DFCD-0977-4450-ABBF-F5B468CDFA4D}|DAL.dll;"
		Debug.AspNetCompiler.VirtualPath = "/localhost_4472"
		Debug.AspNetCompiler.PhysicalPath = "..\WebShop\"
		Debug.AspNetCompiler.TargetPath = "PrecompiledWeb\localhost_4472\"
		Debug.AspNetCompiler.Updateable = "true"
		Debug.AspNetCompiler.ForceOverwrite = "true"
		Debug.AspNetCompiler.FixedNames = "false"
		Debug.AspNetCompiler.Debug = "True"
		Release.AspNetCompiler.VirtualPath = "/localhost_4472"
		Release.AspNetCompiler.PhysicalPath = "..\WebShop\"
		Release.AspNetCompiler.TargetPath = "PrecompiledWeb\localhost_4472\"
		Release.AspNetCompiler.Updateable = "true"
		Release.AspNetCompiler.ForceOverwrite = "true"
		Release.AspNetCompiler.FixedNames = "false"
		Release.AspNetCompiler.Debug = "False"
		SlnRelativePath = "..\WebShop\"
		DefaultWebSiteLanguage = "Visual C#"
	EndProjectSection
EndProject
Project("{FAE04EC0-301F-11D3-BF4B-00C04F79EFBC}") = "DAL", "..\DAL\DAL.csproj", "{AB30DFCD-0977-4450-ABBF-F5B468CDFA4D}"
EndProject
Project("{FAE04EC0-301F-11D3-BF4B-00C04F79EFBC}") = "BLL", "..\BLL\BLL.csproj", "{87EFC397-98A4-4508-9A7D-EBB75BA2B749}"
EndProject
Global
	GlobalSection(SolutionConfigurationPlatforms) = preSolution
		Debug|Any CPU = Debug|Any CPU
		Release|Any CPU = Release|Any CPU
	EndGlobalSection
	GlobalSection(ProjectConfigurationPlatforms) = postSolution
		{0D7C5FFF-B3BC-49FC-85EA-144D454E6563}.Debug|Any CPU.ActiveCfg = Debug|Any CPU
		{0D7C5FFF-B3BC-49FC-85EA-144D454E6563}.Debug|Any CPU.Build.0 = Debug|Any CPU
		{0D7C5FFF-B3BC-49FC-85EA-144D454E6563}.Release|Any CPU.ActiveCfg = Debug|Any CPU
		{0D7C5FFF-B3BC-49FC-85EA-144D454E6563}.Release|Any CPU.Build.0 = Debug|Any CPU
		{AB30DFCD-0977-4450-ABBF-F5B468CDFA4D}.Debug|Any CPU.ActiveCfg = Debug|Any CPU
		{AB30DFCD-0977-4450-ABBF-F5B468CDFA4D}.Debug|Any CPU.Build.0 = Debug|Any CPU
		{AB30DFCD-0977-4450-ABBF-F5B468CDFA4D}.Release|Any CPU.ActiveCfg = Release|Any CPU
		{AB30DFCD-0977-4450-ABBF-F5B468CDFA4D}.Release|Any CPU.Build.0 = Release|Any CPU
		{87EFC397-98A4-4508-9A7D-EBB75BA2B749}.Debug|Any CPU.ActiveCfg = Debug|Any CPU
		{87EFC397-98A4-4508-9A7D-EBB75BA2B749}.Debug|Any CPU.Build.0 = Debug|Any CPU
		{87EFC397-98A4-4508-9A7D-EBB75BA2B749}.Release|Any CPU.ActiveCfg = Release|Any CPU
		{87EFC397-98A4-4508-9A7D-EBB75BA2B749}.Release|Any CPU.Build.0 = Release|Any CPU
	EndGlobalSection
	GlobalSection(SolutionProperties) = preSolution
		HideSolutionNode = FALSE
	EndGlobalSection
EndGlobal
